absl-py==2.5.0
accelerate==0.21.0
addict==2.4.0
aenum==3.1.17
aiofiles==23.2.1
aiohappyeyeballs==2.7.1
aiohttp==3.14.3
aiosignal==1.4.0
albumentations==1.4.3
altair==5.5.0
antlr4-python3-runtime==4.9.3
anyio==3.7.1
async-timeout==5.0.1
attrs==26.1.0
blendmodes==2022
certifi==2026.7.22
cffi==2.1.1
chardet==7.6.0
charset-normalizer==3.5.1
clean-fid==0.1.35
click==8.5.0
clip==1.0
cloudpickle==3.1.2
colorama==0.4.6
contourpy==1.3.2
controlnet-aux==0.0.9
cssselect2==0.10.1
cycler==0.12.1
deprecation==2.1.0
diskcache==5.6.3
einops==0.4.1
exceptiongroup==1.3.1
facexlib==0.3.0
fastapi==0.94.0
ffmpy==1.0.0
filelock==3.32.6
filterpy==1.4.5
flatbuffers==25.12.19
fonttools==4.65.0
frozenlist==1.8.0
fsspec==2026.7.0
ftfy==6.3.1
fvcore==0.1.5.post20221221
gitdb==4.0.12
gitpython==3.1.32
gradio==3.41.2
gradio-client==0.5.0
h11==0.12.0
httpcore==0.15.0
httpx==0.24.1
huggingface-hub==0.25.2
idna==3.19
imageio==2.37.4
importlib-metadata==9.0.1
importlib-resources==6.5.2
inflection==0.5.1
iopath==0.1.10
jinja2==3.1.6
joblib==1.6.0
jsonmerge==1.8.0
jsonschema==4.26.0
jsonschema-specifications==2025.9.1
kiwisolver==1.5.1
kornia==0.6.7
lark==1.1.2
lazy-loader==0.5
lightning-utilities==0.15.3
llvmlite==0.42.0
lxml==6.1.3
markupsafe==2.1.5
matplotlib==3.8.4
mediapipe==0.10.9
mpmath==1.4.1
multidict==6.8.0
narwhals==2.26.0
networkx==3.4.2
numba==0.59.1
numpy==1.26.2
omegaconf==2.2.3
open-clip-torch==2.20.0
opencv-contrib-python==4.10.0.84
opencv-python==4.10.0.84+archviz1
opencv-python-headless==4.10.0.84+archviz1
orjson==3.12.0
packaging==26.3
pandas==2.3.3
piexif==1.1.3
pillow==9.5.0
pillow-avif-plugin==1.4.3
platformdirs==4.11.8
portalocker==4.3.1
propcache==0.5.2
protobuf==3.20.0
psutil==5.9.5
pycparser==3.0
pydantic==1.10.17
pydub==0.25.1
pyparsing==3.3.2
python-dateutil==2.9.0.post0
python-multipart==0.0.32
pytorch-lightning==1.9.4
pytz==2026.3.post1
pywavelets==1.8.0
pyyaml==6.0.3
referencing==0.37.0
regex==2026.9.10
reportlab==4.0.9
requests==2.34.2
resize-right==0.0.2
rpds-py==0.30.0
safetensors==0.4.2
scikit-image==0.21.0
scikit-learn==1.7.2
scipy==1.11.4
semantic-version==2.10.0
sentencepiece==0.2.2
setuptools==69.5.1
six==1.17.0
smmap==5.0.3
sniffio==1.3.1
sounddevice==0.5.6
spandrel==0.3.4
spandrel-extra-arches==0.1.1
starlette==0.26.1
svglib==1.5.1
sympy==1.12
tabulate==0.10.0
termcolor==3.3.0
threadpoolctl==3.6.0
tifffile==2025.5.10
timm==0.6.7
tinycss2==1.5.1
tokenizers==0.13.3
tomesd==0.1.3
tomli==2.4.1
torch==2.1.2
torchdiffeq==0.2.3
torchmetrics==0.11.4
torchsde==0.2.6
torchvision==0.16.2
tqdm==4.70.1
trampoline==0.1.2
transformers==4.30.2
typing-extensions==4.16.0
tzdata==2026.4
urllib3==2.7.0
uvicorn==0.52.4
wcwidth==0.8.3
webencodings==0.6.1
websockets==11.0.3
yacs==0.1.8
yapf==0.43.0
yarl==1.24.5
zipp==4.1.0
